
Microsoft Visual Studio Solution File, Format Version 12.00
# Visual Studio Version 16
VisualStudioVersion = 16.0.32413.511
MinimumVisualStudioVersion = 10.0.40219.1
Project("{9A19103F-16F7-4668-BE54-9A1E7A4F7556}") = "DddInPractice.Logic", "DddInPractice.Logic\DddInPractice.Logic.csproj", "{5C65A4C8-5477-4E1E-AA2E-597450AD94AD}"
EndProject
Project("{9A19103F-16F7-4668-BE54-9A1E7A4F7556}") = "DddInPractice.Tests", "DddInPractice.Tests\DddInPractice.Tests.csproj", "{9C931FA0-3ECB-4C2C-8302-B2867B72F6C6}"
EndProject
Project("{FAE04EC0-301F-11D3-BF4B-00C04F79EFBC}") = "DddInPractice.UI", "DddInPractice.UI\DddInPractice.UI.csproj", "{C0D0095E-D56D-43B7-8268-3C9388989A40}"
EndProject
Global
	GlobalSection(SolutionConfigurationPlatforms) = preSolution
		Debug|Any CPU = Debug|Any CPU
		Release|Any CPU = Release|Any CPU
	EndGlobalSection
	GlobalSection(ProjectConfigurationPlatforms) = postSolution
		{5C65A4C8-5477-4E1E-AA2E-597450AD94AD}.Debug|Any CPU.ActiveCfg = Debug|Any CPU
		{5C65A4C8-5477-4E1E-AA2E-597450AD94AD}.Debug|Any CPU.Build.0 = Debug|Any CPU
		{5C65A4C8-5477-4E1E-AA2E-597450AD94AD}.Release|Any CPU.ActiveCfg = Release|Any CPU
		{5C65A4C8-5477-4E1E-AA2E-597450AD94AD}.Release|Any CPU.Build.0 = Release|Any CPU
		{9C931FA0-3ECB-4C2C-8302-B2867B72F6C6}.Debug|Any CPU.ActiveCfg = Debug|Any CPU
		{9C931FA0-3ECB-4C2C-8302-B2867B72F6C6}.Debug|Any CPU.Build.0 = Debug|Any CPU
		{9C931FA0-3ECB-4C2C-8302-B2867B72F6C6}.Release|Any CPU.ActiveCfg = Release|Any CPU
		{9C931FA0-3ECB-4C2C-8302-B2867B72F6C6}.Release|Any CPU.Build.0 = Release|Any CPU
		{C0D0095E-D56D-43B7-8268-3C9388989A40}.Debug|Any CPU.ActiveCfg = Debug|Any CPU
		{C0D0095E-D56D-43B7-8268-3C9388989A40}.Debug|Any CPU.Build.0 = Debug|Any CPU
		{C0D0095E-D56D-43B7-8268-3C9388989A40}.Release|Any CPU.ActiveCfg = Release|Any CPU
		{C0D0095E-D56D-43B7-8268-3C9388989A40}.Release|Any CPU.Build.0 = Release|Any CPU
	EndGlobalSection
	GlobalSection(SolutionProperties) = preSolution
		HideSolutionNode = FALSE
	EndGlobalSection
	GlobalSection(ExtensibilityGlobals) = postSolution
		SolutionGuid = {0D953EA3-FA75-4DAF-B382-55D4607D4156}
	EndGlobalSection
EndGlobal
